
Microsoft Visual Studio Solution File, Format Version 12.00
# Visual Studio Version 17
VisualStudioVersion = 17.7.34031.279
MinimumVisualStudioVersion = 10.0.40219.1
Project("{FAE04EC0-301F-11D3-BF4B-00C04F79EFBC}") = "StudentProj", "StudentProj\StudentProj.csproj", "{A5E8F804-8E1B-4454-B69B-56C7BBD2E02E}"
EndProject
Global
	GlobalSection(SolutionConfigurationPlatforms) = preSolution
		Debug|Any CPU = Debug|Any CPU
		Release|Any CPU = Release|Any CPU
	EndGlobalSection
	GlobalSection(ProjectConfigurationPlatforms) = postSolution
		{A5E8F804-8E1B-4454-B69B-56C7BBD2E02E}.Debug|Any CPU.ActiveCfg = Debug|Any CPU
		{A5E8F804-8E1B-4454-B69B-56C7BBD2E02E}.Debug|Any CPU.Build.0 = Debug|Any CPU
		{A5E8F804-8E1B-4454-B69B-56C7BBD2E02E}.Release|Any CPU.ActiveCfg = Release|Any CPU
		{A5E8F804-8E1B-4454-B69B-56C7BBD2E02E}.Release|Any CPU.Build.0 = Release|Any CPU
	EndGlobalSection
	GlobalSection(SolutionProperties) = preSolution
		HideSolutionNode = FALSE
	EndGlobalSection
	GlobalSection(ExtensibilityGlobals) = postSolution
		SolutionGuid = {C5875DB5-357D-4769-A4F0-89D1FD25016F}
	EndGlobalSection
EndGlobal
